{
  "name": "@acme/tsconfig",
  "version": "0.1.0",
  "lockfileVersion": 3,
  "requires": true,
  "packages": {
    "": {
      "name": "@acme/tsconfig",
      "version": "0.1.0",
      "dependencies": {
        "@acme/tsconfig": "file:"
      }
    },
    "node_modules/@acme/tsconfig": {
      "resolved": "",
      "link": true
    }
  }
}
